
Microsoft Visual Studio Solution File, Format Version 11.00
# Visual C# Express 2010
Project("{FAE04EC0-301F-11D3-BF4B-00C04F79EFBC}") = "questions chap3", "questions chap3\questions chap3.csproj", "{57D109FD-F6C6-44C9-88C6-64CFE54A76DC}"
EndProject
Global
	GlobalSection(SolutionConfigurationPlatforms) = preSolution
		Debug|x86 = Debug|x86
		Release|x86 = Release|x86
	EndGlobalSection
	GlobalSection(ProjectConfigurationPlatforms) = postSolution
		{57D109FD-F6C6-44C9-88C6-64CFE54A76DC}.Debug|x86.ActiveCfg = Debug|x86
		{57D109FD-F6C6-44C9-88C6-64CFE54A76DC}.Debug|x86.Build.0 = Debug|x86
		{57D109FD-F6C6-44C9-88C6-64CFE54A76DC}.Release|x86.ActiveCfg = Release|x86
		{57D109FD-F6C6-44C9-88C6-64CFE54A76DC}.Release|x86.Build.0 = Release|x86
	EndGlobalSection
	GlobalSection(SolutionProperties) = preSolution
		HideSolutionNode = FALSE
	EndGlobalSection
EndGlobal
